<?xml version="1.0" encoding="UTF-8" standalone="yes" ?>
<CodeBlocks_project_file>
	<FileVersion major="1" minor="6" />
	<Project>
		<Option title="wxMP3gain" />
		<Option pch_mode="2" />
		<Option compiler="gcc" />
		<Build>
			<Target title="Debug">
				<Option output="bin/Debug/wxMP3gain" prefix_auto="1" extension_auto="1" />
				<Option object_output="obj/Debug/" />
				<Option type="0" />
				<Option compiler="gcc" />
				<Option projectLinkerOptionsRelation="2" />
				<Compiler>
					<Add option="-g" />
					<Add option="-D__WXDEBUG__" />
					<Add directory="$(#wx)\lib\gcc_dll\mswud" />
				</Compiler>
				<ResourceCompiler>
					<Add directory="$(#wx)\lib\gcc_dll\mswud" />
				</ResourceCompiler>
				<Linker>
					<Add library="libwxmsw28ud.a" />
					<Add directory="$(#wx)\lib\gcc_dll" />
				</Linker>
			</Target>
			<Target title="Release">
				<Option output="bin/Release/wxMP3gain" prefix_auto="1" extension_auto="1" />
				<Option object_output="obj/Release/" />
				<Option type="0" />
				<Option compiler="gcc" />
				<Option projectLinkerOptionsRelation="2" />
				<Compiler>
					<Add option="-O2" />
					<Add directory="$(#wx)\lib\gcc_dll\mswu" />
				</Compiler>
				<ResourceCompiler>
					<Add directory="$(#wx)\lib\gcc_dll\mswu" />
				</ResourceCompiler>
				<Linker>
					<Add option="-s" />
					<Add library="libwxmsw28u.a" />
					<Add directory="$(#wx)\lib\gcc_dll" />
				</Linker>
			</Target>
		</Build>
		<Compiler>
			<Add option="-pipe" />
			<Add option="-mthreads" />
			<Add option="-D__GNUWIN32__" />
			<Add option="-D__WXMSW__" />
			<Add option="-DWXUSINGDLL" />
			<Add option="-DwxUSE_UNICODE" />
			<Add option='[[if (PLATFORM == PLATFORM_MSW &amp;&amp; (GetCompilerFactory().GetCompilerVersionString(_T(&quot;gcc&quot;)) &gt;= _T(&quot;4.0.0&quot;))) print(_T(&quot;-Wno-attributes&quot;));]]' />
			<Add option="-Wall" />
			<Add directory="$(#wx)\include" />
			<Add directory="$(#wx)\contrib\include" />
		</Compiler>
		<ResourceCompiler>
			<Add directory="$(#wx)\include" />
		</ResourceCompiler>
		<Linker>
			<Add option="-mthreads" />
		</Linker>
		<Unit filename="src/FileInfo.cpp" />
		<Unit filename="src/FileInfo.h" />
		<Unit filename="src/ConfigBase.cpp" />
		<Unit filename="src/ConfigBase.h" />
		<Unit filename="src/Conversion.cpp" />
		<Unit filename="src/Conversion.h" />
		<Unit filename="src/Global.h" />
		<Unit filename="src/DndFile.cpp" />
		<Unit filename="src/DndFile.h" />
		<Unit filename="src/frmAbout.cpp" />
		<Unit filename="src/frmAbout.h" />
		<Unit filename="src/frmMain.cpp" />
		<Unit filename="src/frmMain.h" />
		<Unit filename="src/Progress.cpp" />
		<Unit filename="src/Progress.h" />
		<Unit filename="src/frmSettings.cpp" />
		<Unit filename="src/frmSettings.h" />
		<Unit filename="src/resource.rc">
			<Option compilerVar="WINDRES" />
		</Unit>
		<Unit filename="src/wxMP3gainApp.cpp" />
		<Unit filename="src/wxMP3gainApp.h" />
		<Extensions>
			<code_completion />
			<debugger />
			<wxsmith version="1">
				<gui name="wxWidgets" src="wxMP3gainApp.cpp" main="wxMP3gainFrame" init_handlers="necessary" language="CPP" />
				<resources>
					<wxFrame wxs="wxsmith/frmMain.wxs" src="src/frmMain.cpp" hdr="src/frmMain.h" fwddecl="0" i18n="1" name="frmMain" language="CPP" />
					<wxDialog wxs="wxsmith/frmSettings.wxs" src="src/frmSettings.cpp" hdr="src/frmSettings.h" fwddecl="0" i18n="1" name="frmSettings" language="CPP" />
					<wxDialog wxs="wxsmith/frmAbout.wxs" src="src/frmAbout.cpp" hdr="src/frmAbout.h" fwddecl="0" i18n="1" name="frmAbout" language="CPP" />
				</resources>
			</wxsmith>
		</Extensions>
	</Project>
</CodeBlocks_project_file>
